{
    "name": "wonderland-react-ui-example",
    "version": "1.0.0",
    "lockfileVersion": 3,
    "requires": true,
    "packages": {
        "": {
            "name": "wonderland-react-ui-example",
            "version": "1.0.0",
            "dependencies": {
                "@types/react-reconciler": "0.28.0",
                "@wonderlandengine/api": ">=1.4.0 <1.5.0",
                "@wonderlandengine/components": "^1.1.5",
                "@wonderlandengine/prettier-config": "^1.0.0",
                "@wonderlandengine/react-ui": "file:..",
                "gl-matrix": "^3.4.3"
            }
        },
        "..": {
            "name": "@wonderlandengine/react-ui",
            "version": "0.2.9",
            "license": "MIT",
            "dependencies": {
                "@types/react-reconciler": "0.28.0",
                "@wonderlandengine/prettier-config": "^1.0.0",
                "react-reconciler": "0.29.0"
            },
            "devDependencies": {
                "@esm-bundle/chai": "^4.3.4-fix.0",
                "@web/test-runner": "^0.18.2",
                "@wonderlandengine/prettier-config": "^1.0.0",
                "esbuild": "^0.25.5",
                "prettier": "3.2.5",
                "typescript": "^5.8.3"
            },
            "peerDependencies": {
                "@wonderlandengine/api": "^1.2.2",
                "@wonderlandengine/components": "^1.1.5",
                "gl-matrix": "^3.4.3",
                "react": "18.3.0",
                "yoga-layout": "3.2.1"
            }
        },
        "node_modules/@types/earcut": {
            "version": "2.1.4",
            "resolved": "https://registry.npmjs.org/@types/earcut/-/earcut-2.1.4.tgz",
            "integrity": "sha512-qp3m9PPz4gULB9MhjGID7wpo3gJ4bTGXm7ltNDsmOvsPduTeHp8wSW9YckBj3mljeOh4F0m2z/0JKAALRKbmLQ==",
            "license": "MIT"
        },
        "node_modules/@types/react": {
            "version": "19.1.6",
            "resolved": "https://registry.npmjs.org/@types/react/-/react-19.1.6.tgz",
            "integrity": "sha512-JeG0rEWak0N6Itr6QUx+X60uQmN+5t3j9r/OVDtWzFXKaj6kD1BwJzOksD0FF6iWxZlbE1kB0q9vtnU2ekqa1Q==",
            "license": "MIT",
            "dependencies": {
                "csstype": "^3.0.2"
            }
        },
        "node_modules/@types/react-reconciler": {
            "version": "0.28.0",
            "resolved": "https://registry.npmjs.org/@types/react-reconciler/-/react-reconciler-0.28.0.tgz",
            "integrity": "sha512-5cjk9ottZAj7eaTsqzPUIlrVbh3hBAO2YaEL1rkjHKB3xNAId7oU8GhzvAX+gfmlfoxTwJnBjPxEHyxkEA1Ffg==",
            "dependencies": {
                "@types/react": "*"
            }
        },
        "node_modules/@types/webxr": {
            "version": "0.5.22",
            "resolved": "https://registry.npmjs.org/@types/webxr/-/webxr-0.5.22.tgz",
            "integrity": "sha512-Vr6Stjv5jPRqH690f5I5GLjVk8GSsoQSYJ2FVd/3jJF7KaqfwPi3ehfBS96mlQ2kPCwZaX6U0rG2+NGHBKkA/A==",
            "license": "MIT"
        },
        "node_modules/@wonderlandengine/api": {
            "version": "1.4.2",
            "resolved": "https://registry.npmjs.org/@wonderlandengine/api/-/api-1.4.2.tgz",
            "integrity": "sha512-l9BER6npfjokcEquZbz5rPSCxoaxHlbGvLfUfgZIX2Rmv+z7vOso/e6jLezH9wmZ+PjF1o3fGuRtdwPDdC3kgg==",
            "license": "MIT",
            "dependencies": {
                "@types/webxr": "^0.5.0"
            }
        },
        "node_modules/@wonderlandengine/components": {
            "version": "1.2.3",
            "resolved": "https://registry.npmjs.org/@wonderlandengine/components/-/components-1.2.3.tgz",
            "integrity": "sha512-O2PM3D1+fRvGpbIhVJivD6NdgYT9t6iBKAuUTuK0GNYQOWnHNCixgDZ3nijibSSgWA0X1IEr7dlRStuFJjR5Xg==",
            "license": "MIT",
            "dependencies": {
                "@types/earcut": "^2.1.1",
                "@types/webxr": "^0.5.21",
                "@wonderlandengine/spatial-audio": "^1.2.3",
                "earcut": "^2.2.4",
                "gl-matrix": "^3.3.0"
            },
            "peerDependencies": {
                "@wonderlandengine/api": "^1.1.0"
            }
        },
        "node_modules/@wonderlandengine/prettier-config": {
            "version": "1.0.0",
            "resolved": "https://registry.npmjs.org/@wonderlandengine/prettier-config/-/prettier-config-1.0.0.tgz",
            "integrity": "sha512-XTnQX9Iqr5A6DK1a1qFuEpKOhmQ9VFp9dweggSlyEVmQtDig+dv73gb0ssA/hq7B9lSp3opl8KK1jOJKzXuMEw==",
            "license": "MIT"
        },
        "node_modules/@wonderlandengine/react-ui": {
            "resolved": "..",
            "link": true
        },
        "node_modules/@wonderlandengine/spatial-audio": {
            "version": "1.2.4",
            "resolved": "https://registry.npmjs.org/@wonderlandengine/spatial-audio/-/spatial-audio-1.2.4.tgz",
            "integrity": "sha512-zA2t4r0H1EXP3rvAIPXadYfeuidGTP/9QFhJ0nBHdW7h5ZPqxMF/LGIp1mSH/Oi/6obkKfNnPYGgMIgfG0wFPQ==",
            "license": "MIT",
            "peerDependencies": {
                "@wonderlandengine/api": "^1.0.0",
                "@wonderlandengine/components": "^1.0.6",
                "gl-matrix": "^3.4.3"
            }
        },
        "node_modules/csstype": {
            "version": "3.1.3",
            "resolved": "https://registry.npmjs.org/csstype/-/csstype-3.1.3.tgz",
            "integrity": "sha512-M1uQkMl8rQK/szD0LNhtqxIPLpimGm8sOBwU7lLnCpSbTyY3yeU1Vc7l4KT5zT4s/yOxHH5O7tIuuLOCnLADRw==",
            "license": "MIT"
        },
        "node_modules/earcut": {
            "version": "2.2.4",
            "resolved": "https://registry.npmjs.org/earcut/-/earcut-2.2.4.tgz",
            "integrity": "sha512-/pjZsA1b4RPHbeWZQn66SWS8nZZWLQQ23oE3Eam7aroEFGEvwKAsJfZ9ytiEMycfzXWpca4FA9QIOehf7PocBQ==",
            "license": "ISC"
        },
        "node_modules/gl-matrix": {
            "version": "3.4.3",
            "resolved": "https://registry.npmjs.org/gl-matrix/-/gl-matrix-3.4.3.tgz",
            "integrity": "sha512-wcCp8vu8FT22BnvKVPjXa/ICBWRq/zjFfdofZy1WSpQZpphblv12/bOQLBC1rMM7SGOFS9ltVmKOHil5+Ml7gA==",
            "license": "MIT"
        }
    }
}
