{
    "name": "wonderland-react-ui-worldspace-example",
    "version": "1.0.0",
    "lockfileVersion": 3,
    "requires": true,
    "packages": {
        "": {
            "name": "wonderland-react-ui-worldspace-example",
            "version": "1.0.0",
            "hasInstallScript": true,
            "dependencies": {
                "@types/react-reconciler": "0.28.0",
                "@wonderlandengine/api": "^1.1.0",
                "@wonderlandengine/components": "^1.1.5",
                "@wonderlandengine/prettier-config": "^1.0.0",
                "@wonderlandengine/react-ui": "*",
                "gl-matrix": "^3.4.3"
            }
        },
        "node_modules/@types/earcut": {
            "version": "2.1.4",
            "resolved": "https://registry.npmjs.org/@types/earcut/-/earcut-2.1.4.tgz",
            "integrity": "sha512-qp3m9PPz4gULB9MhjGID7wpo3gJ4bTGXm7ltNDsmOvsPduTeHp8wSW9YckBj3mljeOh4F0m2z/0JKAALRKbmLQ==",
            "license": "MIT"
        },
        "node_modules/@types/react": {
            "version": "19.1.12",
            "resolved": "https://registry.npmjs.org/@types/react/-/react-19.1.12.tgz",
            "integrity": "sha512-cMoR+FoAf/Jyq6+Df2/Z41jISvGZZ2eTlnsaJRptmZ76Caldwy1odD4xTr/gNV9VLj0AWgg/nmkevIyUfIIq5w==",
            "license": "MIT",
            "dependencies": {
                "csstype": "^3.0.2"
            }
        },
        "node_modules/@types/react-reconciler": {
            "version": "0.28.0",
            "resolved": "https://registry.npmjs.org/@types/react-reconciler/-/react-reconciler-0.28.0.tgz",
            "integrity": "sha512-5cjk9ottZAj7eaTsqzPUIlrVbh3hBAO2YaEL1rkjHKB3xNAId7oU8GhzvAX+gfmlfoxTwJnBjPxEHyxkEA1Ffg==",
            "license": "MIT",
            "dependencies": {
                "@types/react": "*"
            }
        },
        "node_modules/@types/webxr": {
            "version": "0.5.23",
            "resolved": "https://registry.npmjs.org/@types/webxr/-/webxr-0.5.23.tgz",
            "integrity": "sha512-GPe4AsfOSpqWd3xA/0gwoKod13ChcfV67trvxaW2krUbgb9gxQjnCx8zGshzMl8LSHZlNH5gQ8LNScsDuc7nGQ==",
            "license": "MIT"
        },
        "node_modules/@wonderlandengine/api": {
            "version": "1.4.6",
            "resolved": "https://registry.npmjs.org/@wonderlandengine/api/-/api-1.4.6.tgz",
            "integrity": "sha512-DBWXG0aB4UOcsVjynp64Ws1IooW9hrB5PhXG4vOHPBOHJlr889qgQCFkvcd/pO48ymGKzexpCa3TFp17Pb1e+g==",
            "license": "MIT",
            "dependencies": {
                "@types/webxr": "^0.5.0"
            }
        },
        "node_modules/@wonderlandengine/components": {
            "version": "1.2.3",
            "resolved": "https://registry.npmjs.org/@wonderlandengine/components/-/components-1.2.3.tgz",
            "integrity": "sha512-O2PM3D1+fRvGpbIhVJivD6NdgYT9t6iBKAuUTuK0GNYQOWnHNCixgDZ3nijibSSgWA0X1IEr7dlRStuFJjR5Xg==",
            "license": "MIT",
            "dependencies": {
                "@types/earcut": "^2.1.1",
                "@types/webxr": "^0.5.21",
                "@wonderlandengine/spatial-audio": "^1.2.3",
                "earcut": "^2.2.4",
                "gl-matrix": "^3.3.0"
            },
            "peerDependencies": {
                "@wonderlandengine/api": "^1.1.0"
            }
        },
        "node_modules/@wonderlandengine/prettier-config": {
            "version": "1.0.0",
            "resolved": "https://registry.npmjs.org/@wonderlandengine/prettier-config/-/prettier-config-1.0.0.tgz",
            "integrity": "sha512-XTnQX9Iqr5A6DK1a1qFuEpKOhmQ9VFp9dweggSlyEVmQtDig+dv73gb0ssA/hq7B9lSp3opl8KK1jOJKzXuMEw==",
            "license": "MIT"
        },
        "node_modules/@wonderlandengine/react-ui": {
            "version": "0.2.4",
            "resolved": "https://registry.npmjs.org/@wonderlandengine/react-ui/-/react-ui-0.2.4.tgz",
            "integrity": "sha512-9WbNhD8v4XgFpFL0j024dmrC05Z8VrCR92e0GBLdlFFLKAzz6OT/RmIuYG2EGMiuC+A5qUoI/+Qcrl3HyLWh0g==",
            "license": "MIT",
            "dependencies": {
                "@types/react-reconciler": "^0.28.8",
                "@wonderlandengine/prettier-config": "^1.0.0",
                "react-reconciler": "^0.29.0"
            },
            "peerDependencies": {
                "@wonderlandengine/api": "^1.2.2",
                "@wonderlandengine/components": "^1.1.5",
                "gl-matrix": "^3.4.3",
                "react": "^18.2.0",
                "yoga-layout": "^3.0.2"
            }
        },
        "node_modules/@wonderlandengine/react-ui/node_modules/@types/react-reconciler": {
            "version": "0.28.9",
            "resolved": "https://registry.npmjs.org/@types/react-reconciler/-/react-reconciler-0.28.9.tgz",
            "integrity": "sha512-HHM3nxyUZ3zAylX8ZEyrDNd2XZOnQ0D5XfunJF5FLQnZbHHYq4UWvW1QfelQNXv1ICNkwYhfxjwfnqivYB6bFg==",
            "license": "MIT",
            "peerDependencies": {
                "@types/react": "*"
            }
        },
        "node_modules/@wonderlandengine/spatial-audio": {
            "version": "1.2.4",
            "resolved": "https://registry.npmjs.org/@wonderlandengine/spatial-audio/-/spatial-audio-1.2.4.tgz",
            "integrity": "sha512-zA2t4r0H1EXP3rvAIPXadYfeuidGTP/9QFhJ0nBHdW7h5ZPqxMF/LGIp1mSH/Oi/6obkKfNnPYGgMIgfG0wFPQ==",
            "license": "MIT",
            "peerDependencies": {
                "@wonderlandengine/api": "^1.0.0",
                "@wonderlandengine/components": "^1.0.6",
                "gl-matrix": "^3.4.3"
            }
        },
        "node_modules/csstype": {
            "version": "3.1.3",
            "resolved": "https://registry.npmjs.org/csstype/-/csstype-3.1.3.tgz",
            "integrity": "sha512-M1uQkMl8rQK/szD0LNhtqxIPLpimGm8sOBwU7lLnCpSbTyY3yeU1Vc7l4KT5zT4s/yOxHH5O7tIuuLOCnLADRw==",
            "license": "MIT"
        },
        "node_modules/earcut": {
            "version": "2.2.4",
            "resolved": "https://registry.npmjs.org/earcut/-/earcut-2.2.4.tgz",
            "integrity": "sha512-/pjZsA1b4RPHbeWZQn66SWS8nZZWLQQ23oE3Eam7aroEFGEvwKAsJfZ9ytiEMycfzXWpca4FA9QIOehf7PocBQ==",
            "license": "ISC"
        },
        "node_modules/gl-matrix": {
            "version": "3.4.4",
            "resolved": "https://registry.npmjs.org/gl-matrix/-/gl-matrix-3.4.4.tgz",
            "integrity": "sha512-latSnyDNt/8zYUB6VIJ6PCh2jBjJX6gnDsoCZ7LyW7GkqrD51EWwa9qCoGixj8YqBtETQK/xY7OmpTF8xz1DdQ==",
            "license": "MIT"
        },
        "node_modules/js-tokens": {
            "version": "4.0.0",
            "resolved": "https://registry.npmjs.org/js-tokens/-/js-tokens-4.0.0.tgz",
            "integrity": "sha512-RdJUflcE3cUzKiMqQgsCu06FPu9UdIJO0beYbPhHN4k6apgJtifcoCtT9bcxOpYBtpD2kCM6Sbzg4CausW/PKQ==",
            "license": "MIT"
        },
        "node_modules/loose-envify": {
            "version": "1.4.0",
            "resolved": "https://registry.npmjs.org/loose-envify/-/loose-envify-1.4.0.tgz",
            "integrity": "sha512-lyuxPGr/Wfhrlem2CL/UcnUc1zcqKAImBDzukY7Y5F/yQiNdko6+fRLevlw1HgMySw7f611UIY408EtxRSoK3Q==",
            "license": "MIT",
            "dependencies": {
                "js-tokens": "^3.0.0 || ^4.0.0"
            },
            "bin": {
                "loose-envify": "cli.js"
            }
        },
        "node_modules/react": {
            "version": "18.3.1",
            "resolved": "https://registry.npmjs.org/react/-/react-18.3.1.tgz",
            "integrity": "sha512-wS+hAgJShR0KhEvPJArfuPVN1+Hz1t0Y6n5jLrGQbkb4urgPE/0Rve+1kMB1v/oWgHgm4WIcV+i7F2pTVj+2iQ==",
            "license": "MIT",
            "peer": true,
            "dependencies": {
                "loose-envify": "^1.1.0"
            },
            "engines": {
                "node": ">=0.10.0"
            }
        },
        "node_modules/react-reconciler": {
            "version": "0.29.2",
            "resolved": "https://registry.npmjs.org/react-reconciler/-/react-reconciler-0.29.2.tgz",
            "integrity": "sha512-zZQqIiYgDCTP/f1N/mAR10nJGrPD2ZR+jDSEsKWJHYC7Cm2wodlwbR3upZRdC3cjIjSlTLNVyO7Iu0Yy7t2AYg==",
            "license": "MIT",
            "dependencies": {
                "loose-envify": "^1.1.0",
                "scheduler": "^0.23.2"
            },
            "engines": {
                "node": ">=0.10.0"
            },
            "peerDependencies": {
                "react": "^18.3.1"
            }
        },
        "node_modules/scheduler": {
            "version": "0.23.2",
            "resolved": "https://registry.npmjs.org/scheduler/-/scheduler-0.23.2.tgz",
            "integrity": "sha512-UOShsPwz7NrMUqhR6t0hWjFduvOzbtv7toDH1/hIrfRNIDBnnBWd0CwJTGvTpngVlmwGCdP9/Zl/tVrDqcuYzQ==",
            "license": "MIT",
            "dependencies": {
                "loose-envify": "^1.1.0"
            }
        },
        "node_modules/yoga-layout": {
            "version": "3.2.1",
            "resolved": "https://registry.npmjs.org/yoga-layout/-/yoga-layout-3.2.1.tgz",
            "integrity": "sha512-0LPOt3AxKqMdFBZA3HBAt/t/8vIKq7VaQYbuA8WxCgung+p9TVyKRYdpvCb80HcdTN2NkbIKbhNwKUfm3tQywQ==",
            "license": "MIT",
            "peer": true
        }
    }
}
