{
    "name": "wonderland-react-ui-worldspace-example",
    "version": "1.0.0",
    "lockfileVersion": 3,
    "requires": true,
    "packages": {
        "": {
            "name": "wonderland-react-ui-worldspace-example",
            "version": "1.0.0",
            "dependencies": {
                "@types/react-reconciler": "0.28.0",
                "@wonderlandengine/api": "^1.4.7",
                "@wonderlandengine/components": "^1.2.3",
                "@wonderlandengine/prettier-config": "^1.0.0",
                "@wonderlandengine/react-ui": "file:../../packages/react-ui",
                "gl-matrix": "^3.4.3"
            },
            "devDependencies": {
                "@wonderlandengine/cli": "^0.1.4"
            }
        },
        "../../packages/react-ui": {
            "name": "@wonderlandengine/react-ui",
            "version": "0.3.0",
            "license": "MIT",
            "dependencies": {
                "@types/react-reconciler": "0.28.0",
                "@wonderlandengine/prettier-config": "^1.0.0",
                "react-reconciler": "0.29.0"
            },
            "devDependencies": {
                "@esm-bundle/chai": "^4.3.4-fix.0",
                "@vitest/coverage-v8": "^3.2.4",
                "@web/test-runner": "^0.18.2",
                "@wonderlandengine/prettier-config": "^1.0.0",
                "esbuild": "^0.25.5",
                "happy-dom": "^18.0.1",
                "prettier": "3.2.5",
                "typescript": "^5.8.3",
                "vitest": "^3.2.4",
                "vitest-mock-extended": "^3.1.0"
            },
            "peerDependencies": {
                "@wonderlandengine/api": "^1.1.0",
                "@wonderlandengine/components": "^1.1.5",
                "gl-matrix": "^3.4.3",
                "react": "18.3.0",
                "yoga-layout": "3.2.1"
            }
        },
        "node_modules/@types/earcut": {
            "version": "2.1.4",
            "resolved": "https://registry.npmjs.org/@types/earcut/-/earcut-2.1.4.tgz",
            "integrity": "sha512-qp3m9PPz4gULB9MhjGID7wpo3gJ4bTGXm7ltNDsmOvsPduTeHp8wSW9YckBj3mljeOh4F0m2z/0JKAALRKbmLQ==",
            "license": "MIT"
        },
        "node_modules/@types/react": {
            "version": "19.1.12",
            "resolved": "https://registry.npmjs.org/@types/react/-/react-19.1.12.tgz",
            "integrity": "sha512-cMoR+FoAf/Jyq6+Df2/Z41jISvGZZ2eTlnsaJRptmZ76Caldwy1odD4xTr/gNV9VLj0AWgg/nmkevIyUfIIq5w==",
            "license": "MIT",
            "dependencies": {
                "csstype": "^3.0.2"
            }
        },
        "node_modules/@types/react-reconciler": {
            "version": "0.28.0",
            "resolved": "https://registry.npmjs.org/@types/react-reconciler/-/react-reconciler-0.28.0.tgz",
            "integrity": "sha512-5cjk9ottZAj7eaTsqzPUIlrVbh3hBAO2YaEL1rkjHKB3xNAId7oU8GhzvAX+gfmlfoxTwJnBjPxEHyxkEA1Ffg==",
            "license": "MIT",
            "dependencies": {
                "@types/react": "*"
            }
        },
        "node_modules/@types/webxr": {
            "version": "0.5.23",
            "resolved": "https://registry.npmjs.org/@types/webxr/-/webxr-0.5.23.tgz",
            "integrity": "sha512-GPe4AsfOSpqWd3xA/0gwoKod13ChcfV67trvxaW2krUbgb9gxQjnCx8zGshzMl8LSHZlNH5gQ8LNScsDuc7nGQ==",
            "license": "MIT"
        },
        "node_modules/@wonderlandengine/api": {
            "version": "1.4.7",
            "resolved": "https://registry.npmjs.org/@wonderlandengine/api/-/api-1.4.7.tgz",
            "integrity": "sha512-ynU0FpNIKyAh6u8qGp+kv53Q5X1ZYep35wRbx9lmmUImIeRUeYi1EzNCimbk9zwwjgqHXH6Y4Nec2B8N5F3kWw==",
            "license": "MIT",
            "dependencies": {
                "@types/webxr": "^0.5.0"
            }
        },
        "node_modules/@wonderlandengine/cli": {
            "version": "0.1.4",
            "resolved": "https://registry.npmjs.org/@wonderlandengine/cli/-/cli-0.1.4.tgz",
            "integrity": "sha512-Lrt8Ulttwf5hUcb7jjerA6GKA34t+sdyT47UrFMi5Cayx7Lg9jtblJeweHKSkCp8UqFvO3BY5qx+LmMf7jq6tg==",
            "dev": true,
            "license": "MIT",
            "dependencies": {
                "dotenv": "^16.4.7",
                "which": "^5.0.0"
            },
            "bin": {
                "wonderland-editor": "index.cjs"
            },
            "engines": {
                "node": ">=18"
            }
        },
        "node_modules/@wonderlandengine/components": {
            "version": "1.2.3",
            "resolved": "https://registry.npmjs.org/@wonderlandengine/components/-/components-1.2.3.tgz",
            "integrity": "sha512-O2PM3D1+fRvGpbIhVJivD6NdgYT9t6iBKAuUTuK0GNYQOWnHNCixgDZ3nijibSSgWA0X1IEr7dlRStuFJjR5Xg==",
            "license": "MIT",
            "dependencies": {
                "@types/earcut": "^2.1.1",
                "@types/webxr": "^0.5.21",
                "@wonderlandengine/spatial-audio": "^1.2.3",
                "earcut": "^2.2.4",
                "gl-matrix": "^3.3.0"
            },
            "peerDependencies": {
                "@wonderlandengine/api": "^1.1.0"
            }
        },
        "node_modules/@wonderlandengine/prettier-config": {
            "version": "1.0.0",
            "resolved": "https://registry.npmjs.org/@wonderlandengine/prettier-config/-/prettier-config-1.0.0.tgz",
            "integrity": "sha512-XTnQX9Iqr5A6DK1a1qFuEpKOhmQ9VFp9dweggSlyEVmQtDig+dv73gb0ssA/hq7B9lSp3opl8KK1jOJKzXuMEw==",
            "license": "MIT"
        },
        "node_modules/@wonderlandengine/react-ui": {
            "resolved": "../../packages/react-ui",
            "link": true
        },
        "node_modules/@wonderlandengine/spatial-audio": {
            "version": "1.2.4",
            "resolved": "https://registry.npmjs.org/@wonderlandengine/spatial-audio/-/spatial-audio-1.2.4.tgz",
            "integrity": "sha512-zA2t4r0H1EXP3rvAIPXadYfeuidGTP/9QFhJ0nBHdW7h5ZPqxMF/LGIp1mSH/Oi/6obkKfNnPYGgMIgfG0wFPQ==",
            "license": "MIT",
            "peerDependencies": {
                "@wonderlandengine/api": "^1.0.0",
                "@wonderlandengine/components": "^1.0.6",
                "gl-matrix": "^3.4.3"
            }
        },
        "node_modules/csstype": {
            "version": "3.1.3",
            "resolved": "https://registry.npmjs.org/csstype/-/csstype-3.1.3.tgz",
            "integrity": "sha512-M1uQkMl8rQK/szD0LNhtqxIPLpimGm8sOBwU7lLnCpSbTyY3yeU1Vc7l4KT5zT4s/yOxHH5O7tIuuLOCnLADRw==",
            "license": "MIT"
        },
        "node_modules/dotenv": {
            "version": "16.6.1",
            "resolved": "https://registry.npmjs.org/dotenv/-/dotenv-16.6.1.tgz",
            "integrity": "sha512-uBq4egWHTcTt33a72vpSG0z3HnPuIl6NqYcTrKEg2azoEyl2hpW0zqlxysq2pK9HlDIHyHyakeYaYnSAwd8bow==",
            "dev": true,
            "license": "BSD-2-Clause",
            "engines": {
                "node": ">=12"
            },
            "funding": {
                "url": "https://dotenvx.com"
            }
        },
        "node_modules/earcut": {
            "version": "2.2.4",
            "resolved": "https://registry.npmjs.org/earcut/-/earcut-2.2.4.tgz",
            "integrity": "sha512-/pjZsA1b4RPHbeWZQn66SWS8nZZWLQQ23oE3Eam7aroEFGEvwKAsJfZ9ytiEMycfzXWpca4FA9QIOehf7PocBQ==",
            "license": "ISC"
        },
        "node_modules/gl-matrix": {
            "version": "3.4.4",
            "resolved": "https://registry.npmjs.org/gl-matrix/-/gl-matrix-3.4.4.tgz",
            "integrity": "sha512-latSnyDNt/8zYUB6VIJ6PCh2jBjJX6gnDsoCZ7LyW7GkqrD51EWwa9qCoGixj8YqBtETQK/xY7OmpTF8xz1DdQ==",
            "license": "MIT"
        },
        "node_modules/isexe": {
            "version": "3.1.1",
            "resolved": "https://registry.npmjs.org/isexe/-/isexe-3.1.1.tgz",
            "integrity": "sha512-LpB/54B+/2J5hqQ7imZHfdU31OlgQqx7ZicVlkm9kzg9/w8GKLEcFfJl/t7DCEDueOyBAD6zCCwTO6Fzs0NoEQ==",
            "dev": true,
            "license": "ISC",
            "engines": {
                "node": ">=16"
            }
        },
        "node_modules/which": {
            "version": "5.0.0",
            "resolved": "https://registry.npmjs.org/which/-/which-5.0.0.tgz",
            "integrity": "sha512-JEdGzHwwkrbWoGOlIHqQ5gtprKGOenpDHpxE9zVR1bWbOtYRyPPHMe9FaP6x61CmNaTThSkb0DAJte5jD+DmzQ==",
            "dev": true,
            "license": "ISC",
            "dependencies": {
                "isexe": "^3.1.1"
            },
            "bin": {
                "node-which": "bin/which.js"
            },
            "engines": {
                "node": "^18.17.0 || >=20.5.0"
            }
        }
    }
}
